github.com/elliotforbes/test-package v0.0.0 h1:mXyIq6naAfYlan6MEsBpXZLMN5A7C+Q9gISEXY60OEA=
github.com/elliotforbes/test-package v0.0.0/go.mod h1:FYNdacMBLThsqEOQ5/aiClalhO71JB7kjWdzgNhpbNE=
github.com/elliotforbes/test-package v1.0.0 h1:5YuuDaum0tX2G5EOHzsFm4ZXrsn8K341jgMFcD711WQ=
github.com/elliotforbes/test-package v1.0.0/go.mod h1:FYNdacMBLThsqEOQ5/aiClalhO71JB7kjWdzgNhpbNE=
